
Microsoft Visual Studio Solution File, Format Version 12.00
# Visual Studio Version 17
VisualStudioVersion = 17.0.32002.185
MinimumVisualStudioVersion = 10.0.40219.1
Project("{FAE04EC0-301F-11D3-BF4B-00C04F79EFBC}") = "LabOOP00B", "LabOOP00B\LabOOP00B.csproj", "{D694DC26-5B36-4D68-B686-CC44A1EE29BE}"
EndProject
Global
	GlobalSection(SolutionConfigurationPlatforms) = preSolution
		Debug|Any CPU = Debug|Any CPU
		Release|Any CPU = Release|Any CPU
	EndGlobalSection
	GlobalSection(ProjectConfigurationPlatforms) = postSolution
		{D694DC26-5B36-4D68-B686-CC44A1EE29BE}.Debug|Any CPU.ActiveCfg = Debug|Any CPU
		{D694DC26-5B36-4D68-B686-CC44A1EE29BE}.Debug|Any CPU.Build.0 = Debug|Any CPU
		{D694DC26-5B36-4D68-B686-CC44A1EE29BE}.Release|Any CPU.ActiveCfg = Release|Any CPU
		{D694DC26-5B36-4D68-B686-CC44A1EE29BE}.Release|Any CPU.Build.0 = Release|Any CPU
	EndGlobalSection
	GlobalSection(SolutionProperties) = preSolution
		HideSolutionNode = FALSE
	EndGlobalSection
	GlobalSection(ExtensibilityGlobals) = postSolution
		SolutionGuid = {6BFA70A0-FD46-4D98-B3D8-EABD937F19D2}
	EndGlobalSection
EndGlobal
